
Microsoft Visual Studio Solution File, Format Version 12.00
# Visual Studio Version 17
VisualStudioVersion = 17.4.33213.308
MinimumVisualStudioVersion = 10.0.40219.1
Project("{8BC9CEB8-8B4A-11D0-8D11-00A0C91BC942}") = "PartielReseau", "PartielReseau\PartielReseau.vcxproj", "{8192F7D2-C800-4800-9206-E7F04867321C}"
EndProject
Global
	GlobalSection(SolutionConfigurationPlatforms) = preSolution
		Debug|x64 = Debug|x64
		Debug|x86 = Debug|x86
		Release|x64 = Release|x64
		Release|x86 = Release|x86
	EndGlobalSection
	GlobalSection(ProjectConfigurationPlatforms) = postSolution
		{8192F7D2-C800-4800-9206-E7F04867321C}.Debug|x64.ActiveCfg = Debug|x64
		{8192F7D2-C800-4800-9206-E7F04867321C}.Debug|x64.Build.0 = Debug|x64
		{8192F7D2-C800-4800-9206-E7F04867321C}.Debug|x86.ActiveCfg = Debug|Win32
		{8192F7D2-C800-4800-9206-E7F04867321C}.Debug|x86.Build.0 = Debug|Win32
		{8192F7D2-C800-4800-9206-E7F04867321C}.Release|x64.ActiveCfg = Release|x64
		{8192F7D2-C800-4800-9206-E7F04867321C}.Release|x64.Build.0 = Release|x64
		{8192F7D2-C800-4800-9206-E7F04867321C}.Release|x86.ActiveCfg = Release|Win32
		{8192F7D2-C800-4800-9206-E7F04867321C}.Release|x86.Build.0 = Release|Win32
	EndGlobalSection
	GlobalSection(SolutionProperties) = preSolution
		HideSolutionNode = FALSE
	EndGlobalSection
	GlobalSection(ExtensibilityGlobals) = postSolution
		SolutionGuid = {51BB0502-CDDB-4DC5-A8E9-9B61D37FF2CE}
	EndGlobalSection
EndGlobal
